
Microsoft Visual Studio Solution File, Format Version 12.00
# Visual Studio Version 16
VisualStudioVersion = 16.0.29209.62
MinimumVisualStudioVersion = 10.0.40219.1
Project("{FAE04EC0-301F-11D3-BF4B-00C04F79EFBC}") = "ttt", "ttt\ttt.csproj", "{7C9A79C9-AEC3-477A-A569-98FA7F1F8D6F}"
EndProject
Global
	GlobalSection(SolutionConfigurationPlatforms) = preSolution
		Debug|Any CPU = Debug|Any CPU
		Release|Any CPU = Release|Any CPU
	EndGlobalSection
	GlobalSection(ProjectConfigurationPlatforms) = postSolution
		{7C9A79C9-AEC3-477A-A569-98FA7F1F8D6F}.Debug|Any CPU.ActiveCfg = Debug|Any CPU
		{7C9A79C9-AEC3-477A-A569-98FA7F1F8D6F}.Debug|Any CPU.Build.0 = Debug|Any CPU
		{7C9A79C9-AEC3-477A-A569-98FA7F1F8D6F}.Release|Any CPU.ActiveCfg = Release|Any CPU
		{7C9A79C9-AEC3-477A-A569-98FA7F1F8D6F}.Release|Any CPU.Build.0 = Release|Any CPU
	EndGlobalSection
	GlobalSection(SolutionProperties) = preSolution
		HideSolutionNode = FALSE
	EndGlobalSection
	GlobalSection(ExtensibilityGlobals) = postSolution
		SolutionGuid = {F1F1F0D6-B0FF-41A3-88AF-8852F05F8F43}
	EndGlobalSection
EndGlobal
